<?xml version="1.0" encoding="utf-8"?>
<Project ToolsVersion="4.0" xmlns="http://schemas.microsoft.com/developer/msbuild/2003">
  <ItemGroup>
    <Filter Include="Source Files">
      <UniqueIdentifier>{31a27070-4b41-48b7-bf6c-6a8e2468c097}</UniqueIdentifier>
      <Extensions>cpp;c;cxx;rc;def;r;odl;idl;hpj;bat</Extensions>
    </Filter>
    <Filter Include="Header Files">
      <UniqueIdentifier>{2826846c-b7e7-4bf1-908b-9fe7b92d1726}</UniqueIdentifier>
    </Filter>
  </ItemGroup>
  <ItemGroup>
    <ClCompile Include="..\..\apps\snmptrapd.c">
      <Filter>Source Files</Filter>
    </ClCompile>
    <ClCompile Include="..\..\apps\snmptrapd_auth.c">
      <Filter>Source Files</Filter>
    </ClCompile>
    <ClCompile Include="..\..\apps\snmptrapd_handlers.c">
      <Filter>Source Files</Filter>
    </ClCompile>
    <ClCompile Include="..\..\apps\snmptrapd_log.c">
      <Filter>Source Files</Filter>
    </ClCompile>
  </ItemGroup>
  <ItemGroup>
    <ClInclude Include="..\..\agent\mibgroup\notification-log-mib\notification_log.h">
      <Filter>Header Files</Filter>
    </ClInclude>
    <ClInclude Include="..\..\apps\snmptrapd_auth.h">
      <Filter>Header Files</Filter>
    </ClInclude>
    <ClInclude Include="..\..\apps\snmptrapd_handlers.h">
      <Filter>Header Files</Filter>
    </ClInclude>
    <ClInclude Include="..\..\apps\snmptrapd_log.h">
      <Filter>Header Files</Filter>
    </ClInclude>
  </ItemGroup>
</Project>